// !$*UTF8*$!
{
	archiveVersion = 1;
	classes = {
	};
	objectVersion = 50;
	objects = {

/* Begin PBXBuildFile section */
		DE529605221ACE8200FBFC52 /* terminal.json in Resources */ = {isa = PBXBuildFile; fileRef = DE529604221ACE8200FBFC52 /* terminal.json */; };
		DE70441720F60BD300920520 /* AppDelegate.swift in Sources */ = {isa = PBXBuildFile; fileRef = DE70441620F60BD300920520 /* AppDelegate.swift */; };
		DE70441920F60BD300920520 /* ViewController.swift in Sources */ = {isa = PBXBuildFile; fileRef = DE70441820F60BD300920520 /* ViewController.swift */; };
		DE70441C20F60BD300920520 /* Main-Worldnet.storyboard in Resources */ = {isa = PBXBuildFile; fileRef = DE70441A20F60BD300920520 /* Main-Worldnet.storyboard */; };
		DE70441E20F60BD500920520 /* Assets.xcassets in Resources */ = {isa = PBXBuildFile; fileRef = DE70441D20F60BD500920520 /* Assets.xcassets */; };
		DE70442120F60BD500920520 /* LaunchScreen.storyboard in Resources */ = {isa = PBXBuildFile; fileRef = DE70441F20F60BD500920520 /* LaunchScreen.storyboard */; };
		DE817CA8221B171500A03D52 /* AnyPay.framework in Frameworks */ = {isa = PBXBuildFile; fileRef = DE817CA7221B171500A03D52 /* AnyPay.framework */; };
		DE817CAA221B176200A03D52 /* AnyPay.framework in Embed Frameworks */ = {isa = PBXBuildFile; fileRef = DE817CA7221B171500A03D52 /* AnyPay.framework */; settings = {ATTRIBUTES = (CodeSignOnCopy, RemoveHeadersOnCopy, ); }; };
		DEBBAD8F2219B94C009C999B /* Main-PriorityPayments.storyboard in Resources */ = {isa = PBXBuildFile; fileRef = DEBBAD8B2219B94B009C999B /* Main-PriorityPayments.storyboard */; };
		DEBBAD902219B94C009C999B /* Main-ProPay.storyboard in Resources */ = {isa = PBXBuildFile; fileRef = DEBBAD8D2219B94B009C999B /* Main-ProPay.storyboard */; };
		DEBBAD932219B97F009C999B /* ProPayViewController.swift in Sources */ = {isa = PBXBuildFile; fileRef = DEBBAD922219B97F009C999B /* ProPayViewController.swift */; };
		DEBBAD962219B9A2009C999B /* PPSViewController.swift in Sources */ = {isa = PBXBuildFile; fileRef = DEBBAD952219B9A2009C999B /* PPSViewController.swift */; };
/* End PBXBuildFile section */

/* Begin PBXCopyFilesBuildPhase section */
		DE70442C20F60C1600920520 /* Embed Frameworks */ = {
			isa = PBXCopyFilesBuildPhase;
			buildActionMask = 2147483647;
			dstPath = "";
			dstSubfolderSpec = 10;
			files = (
				DE817CAA221B176200A03D52 /* AnyPay.framework in Embed Frameworks */,
			);
			name = "Embed Frameworks";
			runOnlyForDeploymentPostprocessing = 0;
		};
/* End PBXCopyFilesBuildPhase section */

/* Begin PBXFileReference section */
		DE529604221ACE8200FBFC52 /* terminal.json */ = {isa = PBXFileReference; fileEncoding = 4; lastKnownFileType = text.json; path = terminal.json; sourceTree = "<group>"; };
		DE70441320F60BD300920520 /* AnyPaySampleApp-Swift.app */ = {isa = PBXFileReference; explicitFileType = wrapper.application; includeInIndex = 0; path = "AnyPaySampleApp-Swift.app"; sourceTree = BUILT_PRODUCTS_DIR; };
		DE70441620F60BD300920520 /* AppDelegate.swift */ = {isa = PBXFileReference; lastKnownFileType = sourcecode.swift; path = AppDelegate.swift; sourceTree = "<group>"; };
		DE70441820F60BD300920520 /* ViewController.swift */ = {isa = PBXFileReference; lastKnownFileType = sourcecode.swift; path = ViewController.swift; sourceTree = "<group>"; };
		DE70441B20F60BD300920520 /* Base */ = {isa = PBXFileReference; lastKnownFileType = file.storyboard; name = Base; path = "Base.lproj/Main-Worldnet.storyboard"; sourceTree = "<group>"; };
		DE70441D20F60BD500920520 /* Assets.xcassets */ = {isa = PBXFileReference; lastKnownFileType = folder.assetcatalog; path = Assets.xcassets; sourceTree = "<group>"; };
		DE70442020F60BD500920520 /* Base */ = {isa = PBXFileReference; lastKnownFileType = file.storyboard; name = Base; path = Base.lproj/LaunchScreen.storyboard; sourceTree = "<group>"; };
		DE70442220F60BD500920520 /* Info.plist */ = {isa = PBXFileReference; lastKnownFileType = text.plist.xml; path = Info.plist; sourceTree = "<group>"; };
		DE70442E20F60C9500920520 /* AnyPay-Swift-Bridging-Header.h */ = {isa = PBXFileReference; fileEncoding = 4; lastKnownFileType = sourcecode.c.h; path = "AnyPay-Swift-Bridging-Header.h"; sourceTree = "<group>"; };
		DE817CA7221B171500A03D52 /* AnyPay.framework */ = {isa = PBXFileReference; lastKnownFileType = wrapper.framework; name = AnyPay.framework; path = "AnyPaySampleApp-Swift/AnyPay.framework"; sourceTree = "<group>"; };
		DEBBAD8C2219B94B009C999B /* Base */ = {isa = PBXFileReference; lastKnownFileType = file.storyboard; name = Base; path = "Base.lproj/Main-PriorityPayments.storyboard"; sourceTree = "<group>"; };
		DEBBAD8E2219B94B009C999B /* Base */ = {isa = PBXFileReference; lastKnownFileType = file.storyboard; name = Base; path = "Base.lproj/Main-ProPay.storyboard"; sourceTree = "<group>"; };
		DEBBAD922219B97F009C999B /* ProPayViewController.swift */ = {isa = PBXFileReference; lastKnownFileType = sourcecode.swift; path = ProPayViewController.swift; sourceTree = "<group>"; };
		DEBBAD952219B9A2009C999B /* PPSViewController.swift */ = {isa = PBXFileReference; lastKnownFileType = sourcecode.swift; path = PPSViewController.swift; sourceTree = "<group>"; };
/* End PBXFileReference section */

/* Begin PBXFrameworksBuildPhase section */
		DE70441020F60BD300920520 /* Frameworks */ = {
			isa = PBXFrameworksBuildPhase;
			buildActionMask = 2147483647;
			files = (
				DE817CA8221B171500A03D52 /* AnyPay.framework in Frameworks */,
			);
			runOnlyForDeploymentPostprocessing = 0;
		};
/* End PBXFrameworksBuildPhase section */

/* Begin PBXGroup section */
		DE70440A20F60BD300920520 = {
			isa = PBXGroup;
			children = (
				DE817CA7221B171500A03D52 /* AnyPay.framework */,
				DE70441520F60BD300920520 /* AnyPaySampleApp-Swift */,
				DE70441420F60BD300920520 /* Products */,
			);
			sourceTree = "<group>";
		};
		DE70441420F60BD300920520 /* Products */ = {
			isa = PBXGroup;
			children = (
				DE70441320F60BD300920520 /* AnyPaySampleApp-Swift.app */,
			);
			name = Products;
			sourceTree = "<group>";
		};
		DE70441520F60BD300920520 /* AnyPaySampleApp-Swift */ = {
			isa = PBXGroup;
			children = (
				DE529604221ACE8200FBFC52 /* terminal.json */,
				DEBBAD972219B9A9009C999B /* PriorityPayments */,
				DEBBAD942219B988009C999B /* ProPay */,
				DE70442E20F60C9500920520 /* AnyPay-Swift-Bridging-Header.h */,
				DE70441620F60BD300920520 /* AppDelegate.swift */,
				DEBBAD912219B961009C999B /* Worldnet */,
				DE70441D20F60BD500920520 /* Assets.xcassets */,
				DE70441F20F60BD500920520 /* LaunchScreen.storyboard */,
				DE70442220F60BD500920520 /* Info.plist */,
			);
			path = "AnyPaySampleApp-Swift";
			sourceTree = "<group>";
		};
		DEBBAD912219B961009C999B /* Worldnet */ = {
			isa = PBXGroup;
			children = (
				DE70441820F60BD300920520 /* ViewController.swift */,
				DE70441A20F60BD300920520 /* Main-Worldnet.storyboard */,
			);
			path = Worldnet;
			sourceTree = "<group>";
		};
		DEBBAD942219B988009C999B /* ProPay */ = {
			isa = PBXGroup;
			children = (
				DEBBAD8D2219B94B009C999B /* Main-ProPay.storyboard */,
				DEBBAD922219B97F009C999B /* ProPayViewController.swift */,
			);
			path = ProPay;
			sourceTree = "<group>";
		};
		DEBBAD972219B9A9009C999B /* PriorityPayments */ = {
			isa = PBXGroup;
			children = (
				DEBBAD8B2219B94B009C999B /* Main-PriorityPayments.storyboard */,
				DEBBAD952219B9A2009C999B /* PPSViewController.swift */,
			);
			path = PriorityPayments;
			sourceTree = "<group>";
		};
/* End PBXGroup section */

/* Begin PBXNativeTarget section */
		DE70441220F60BD300920520 /* AnyPaySampleApp-Swift */ = {
			isa = PBXNativeTarget;
			buildConfigurationList = DE70442520F60BD500920520 /* Build configuration list for PBXNativeTarget "AnyPaySampleApp-Swift" */;
			buildPhases = (
				DE70440F20F60BD300920520 /* Sources */,
				DE70441020F60BD300920520 /* Frameworks */,
				DE70441120F60BD300920520 /* Resources */,
				DE70442C20F60C1600920520 /* Embed Frameworks */,
			);
			buildRules = (
			);
			dependencies = (
			);
			name = "AnyPaySampleApp-Swift";
			productName = "AnyPaySampleApp-Swift";
			productReference = DE70441320F60BD300920520 /* AnyPaySampleApp-Swift.app */;
			productType = "com.apple.product-type.application";
		};
/* End PBXNativeTarget section */

/* Begin PBXProject section */
		DE70440B20F60BD300920520 /* Project object */ = {
			isa = PBXProject;
			attributes = {
				LastSwiftUpdateCheck = 0940;
				LastUpgradeCheck = 0940;
				ORGANIZATIONNAME = "Dan McCann";
				TargetAttributes = {
					DE70441220F60BD300920520 = {
						CreatedOnToolsVersion = 9.4;
					};
				};
			};
			buildConfigurationList = DE70440E20F60BD300920520 /* Build configuration list for PBXProject "AnyPaySampleApp-Swift" */;
			compatibilityVersion = "Xcode 9.3";
			developmentRegion = en;
			hasScannedForEncodings = 0;
			knownRegions = (
				en,
				Base,
			);
			mainGroup = DE70440A20F60BD300920520;
			productRefGroup = DE70441420F60BD300920520 /* Products */;
			projectDirPath = "";
			projectRoot = "";
			targets = (
				DE70441220F60BD300920520 /* AnyPaySampleApp-Swift */,
			);
		};
/* End PBXProject section */

/* Begin PBXResourcesBuildPhase section */
		DE70441120F60BD300920520 /* Resources */ = {
			isa = PBXResourcesBuildPhase;
			buildActionMask = 2147483647;
			files = (
				DEBBAD8F2219B94C009C999B /* Main-PriorityPayments.storyboard in Resources */,
				DEBBAD902219B94C009C999B /* Main-ProPay.storyboard in Resources */,
				DE70442120F60BD500920520 /* LaunchScreen.storyboard in Resources */,
				DE529605221ACE8200FBFC52 /* terminal.json in Resources */,
				DE70441E20F60BD500920520 /* Assets.xcassets in Resources */,
				DE70441C20F60BD300920520 /* Main-Worldnet.storyboard in Resources */,
			);
			runOnlyForDeploymentPostprocessing = 0;
		};
/* End PBXResourcesBuildPhase section */

/* Begin PBXSourcesBuildPhase section */
		DE70440F20F60BD300920520 /* Sources */ = {
			isa = PBXSourcesBuildPhase;
			buildActionMask = 2147483647;
			files = (
				DEBBAD962219B9A2009C999B /* PPSViewController.swift in Sources */,
				DE70441920F60BD300920520 /* ViewController.swift in Sources */,
				DEBBAD932219B97F009C999B /* ProPayViewController.swift in Sources */,
				DE70441720F60BD300920520 /* AppDelegate.swift in Sources */,
			);
			runOnlyForDeploymentPostprocessing = 0;
		};
/* End PBXSourcesBuildPhase section */

/* Begin PBXVariantGroup section */
		DE70441A20F60BD300920520 /* Main-Worldnet.storyboard */ = {
			isa = PBXVariantGroup;
			children = (
				DE70441B20F60BD300920520 /* Base */,
			);
			name = "Main-Worldnet.storyboard";
			sourceTree = "<group>";
		};
		DE70441F20F60BD500920520 /* LaunchScreen.storyboard */ = {
			isa = PBXVariantGroup;
			children = (
				DE70442020F60BD500920520 /* Base */,
			);
			name = LaunchScreen.storyboard;
			sourceTree = "<group>";
		};
		DEBBAD8B2219B94B009C999B /* Main-PriorityPayments.storyboard */ = {
			isa = PBXVariantGroup;
			children = (
				DEBBAD8C2219B94B009C999B /* Base */,
			);
			name = "Main-PriorityPayments.storyboard";
			sourceTree = "<group>";
		};
		DEBBAD8D2219B94B009C999B /* Main-ProPay.storyboard */ = {
			isa = PBXVariantGroup;
			children = (
				DEBBAD8E2219B94B009C999B /* Base */,
			);
			name = "Main-ProPay.storyboard";
			sourceTree = "<group>";
		};
/* End PBXVariantGroup section */

/* Begin XCBuildConfiguration section */
		DE70442320F60BD500920520 /* Debug */ = {
			isa = XCBuildConfiguration;
			buildSettings = {
				ALWAYS_SEARCH_USER_PATHS = NO;
				CLANG_ANALYZER_NONNULL = YES;
				CLANG_ANALYZER_NUMBER_OBJECT_CONVERSION = YES_AGGRESSIVE;
				CLANG_CXX_LANGUAGE_STANDARD = "gnu++14";
				CLANG_CXX_LIBRARY = "libc++";
				CLANG_ENABLE_MODULES = YES;
				CLANG_ENABLE_OBJC_ARC = YES;
				CLANG_ENABLE_OBJC_WEAK = YES;
				CLANG_WARN_BLOCK_CAPTURE_AUTORELEASING = YES;
				CLANG_WARN_BOOL_CONVERSION = YES;
				CLANG_WARN_COMMA = YES;
				CLANG_WARN_CONSTANT_CONVERSION = YES;
				CLANG_WARN_DEPRECATED_OBJC_IMPLEMENTATIONS = YES;
				CLANG_WARN_DIRECT_OBJC_ISA_USAGE = YES_ERROR;
				CLANG_WARN_DOCUMENTATION_COMMENTS = YES;
				CLANG_WARN_EMPTY_BODY = YES;
				CLANG_WARN_ENUM_CONVERSION = YES;
				CLANG_WARN_INFINITE_RECURSION = YES;
				CLANG_WARN_INT_CONVERSION = YES;
				CLANG_WARN_NON_LITERAL_NULL_CONVERSION = YES;
				CLANG_WARN_OBJC_IMPLICIT_RETAIN_SELF = YES;
				CLANG_WARN_OBJC_LITERAL_CONVERSION = YES;
				CLANG_WARN_OBJC_ROOT_CLASS = YES_ERROR;
				CLANG_WARN_RANGE_LOOP_ANALYSIS = YES;
				CLANG_WARN_STRICT_PROTOTYPES = YES;
				CLANG_WARN_SUSPICIOUS_MOVE = YES;
				CLANG_WARN_UNGUARDED_AVAILABILITY = YES_AGGRESSIVE;
				CLANG_WARN_UNREACHABLE_CODE = YES;
				CLANG_WARN__DUPLICATE_METHOD_MATCH = YES;
				CODE_SIGN_IDENTITY = "iPhone Developer";
				COPY_PHASE_STRIP = NO;
				DEBUG_INFORMATION_FORMAT = dwarf;
				ENABLE_STRICT_OBJC_MSGSEND = YES;
				ENABLE_TESTABILITY = YES;
				GCC_C_LANGUAGE_STANDARD = gnu11;
				GCC_DYNAMIC_NO_PIC = NO;
				GCC_NO_COMMON_BLOCKS = YES;
				GCC_OPTIMIZATION_LEVEL = 0;
				GCC_PREPROCESSOR_DEFINITIONS = (
					"DEBUG=1",
					"$(inherited)",
				);
				GCC_WARN_64_TO_32_BIT_CONVERSION = YES;
				GCC_WARN_ABOUT_RETURN_TYPE = YES_ERROR;
				GCC_WARN_UNDECLARED_SELECTOR = YES;
				GCC_WARN_UNINITIALIZED_AUTOS = YES_AGGRESSIVE;
				GCC_WARN_UNUSED_FUNCTION = YES;
				GCC_WARN_UNUSED_VARIABLE = YES;
				IPHONEOS_DEPLOYMENT_TARGET = 11.4;
				MTL_ENABLE_DEBUG_INFO = YES;
				ONLY_ACTIVE_ARCH = YES;
				SDKROOT = iphoneos;
				SWIFT_ACTIVE_COMPILATION_CONDITIONS = DEBUG;
				SWIFT_OPTIMIZATION_LEVEL = "-Onone";
			};
			name = Debug;
		};
		DE70442420F60BD500920520 /* Release */ = {
			isa = XCBuildConfiguration;
			buildSettings = {
				ALWAYS_SEARCH_USER_PATHS = NO;
				CLANG_ANALYZER_NONNULL = YES;
				CLANG_ANALYZER_NUMBER_OBJECT_CONVERSION = YES_AGGRESSIVE;
				CLANG_CXX_LANGUAGE_STANDARD = "gnu++14";
				CLANG_CXX_LIBRARY = "libc++";
				CLANG_ENABLE_MODULES = YES;
				CLANG_ENABLE_OBJC_ARC = YES;
				CLANG_ENABLE_OBJC_WEAK = YES;
				CLANG_WARN_BLOCK_CAPTURE_AUTORELEASING = YES;
				CLANG_WARN_BOOL_CONVERSION = YES;
				CLANG_WARN_COMMA = YES;
				CLANG_WARN_CONSTANT_CONVERSION = YES;
				CLANG_WARN_DEPRECATED_OBJC_IMPLEMENTATIONS = YES;
				CLANG_WARN_DIRECT_OBJC_ISA_USAGE = YES_ERROR;
				CLANG_WARN_DOCUMENTATION_COMMENTS = YES;
				CLANG_WARN_EMPTY_BODY = YES;
				CLANG_WARN_ENUM_CONVERSION = YES;
				CLANG_WARN_INFINITE_RECURSION = YES;
				CLANG_WARN_INT_CONVERSION = YES;
				CLANG_WARN_NON_LITERAL_NULL_CONVERSION = YES;
				CLANG_WARN_OBJC_IMPLICIT_RETAIN_SELF = YES;
				CLANG_WARN_OBJC_LITERAL_CONVERSION = YES;
				CLANG_WARN_OBJC_ROOT_CLASS = YES_ERROR;
				CLANG_WARN_RANGE_LOOP_ANALYSIS = YES;
				CLANG_WARN_STRICT_PROTOTYPES = YES;
				CLANG_WARN_SUSPICIOUS_MOVE = YES;
				CLANG_WARN_UNGUARDED_AVAILABILITY = YES_AGGRESSIVE;
				CLANG_WARN_UNREACHABLE_CODE = YES;
				CLANG_WARN__DUPLICATE_METHOD_MATCH = YES;
				CODE_SIGN_IDENTITY = "iPhone Developer";
				COPY_PHASE_STRIP = NO;
				DEBUG_INFORMATION_FORMAT = "dwarf-with-dsym";
				ENABLE_NS_ASSERTIONS = NO;
				ENABLE_STRICT_OBJC_MSGSEND = YES;
				GCC_C_LANGUAGE_STANDARD = gnu11;
				GCC_NO_COMMON_BLOCKS = YES;
				GCC_WARN_64_TO_32_BIT_CONVERSION = YES;
				GCC_WARN_ABOUT_RETURN_TYPE = YES_ERROR;
				GCC_WARN_UNDECLARED_SELECTOR = YES;
				GCC_WARN_UNINITIALIZED_AUTOS = YES_AGGRESSIVE;
				GCC_WARN_UNUSED_FUNCTION = YES;
				GCC_WARN_UNUSED_VARIABLE = YES;
				IPHONEOS_DEPLOYMENT_TARGET = 11.4;
				MTL_ENABLE_DEBUG_INFO = NO;
				SDKROOT = iphoneos;
				SWIFT_COMPILATION_MODE = wholemodule;
				SWIFT_OPTIMIZATION_LEVEL = "-O";
				VALIDATE_PRODUCT = YES;
			};
			name = Release;
		};
		DE70442620F60BD500920520 /* Debug */ = {
			isa = XCBuildConfiguration;
			buildSettings = {
				ASSETCATALOG_COMPILER_APPICON_NAME = AppIcon;
				CODE_SIGN_STYLE = Automatic;
				DEVELOPMENT_TEAM = "";
				ENABLE_BITCODE = NO;
				FRAMEWORK_SEARCH_PATHS = (
					"$(inherited)",
					"$(PROJECT_DIR)/AnyPaySampleApp-Swift",
				);
				INFOPLIST_FILE = "AnyPaySampleApp-Swift/Info.plist";
				IPHONEOS_DEPLOYMENT_TARGET = 9.0;
				LD_RUNPATH_SEARCH_PATHS = (
					"$(inherited)",
					"@executable_path/Frameworks",
				);
				PRODUCT_BUNDLE_IDENTIFIER = "com.netsecure.AnyPaySampleApp-Swift";
				PRODUCT_NAME = "$(TARGET_NAME)";
				SWIFT_OBJC_BRIDGING_HEADER = "AnyPaySampleApp-Swift/AnyPay-Swift-Bridging-Header.h";
				SWIFT_VERSION = 4.0;
				TARGETED_DEVICE_FAMILY = "1,2";
			};
			name = Debug;
		};
		DE70442720F60BD500920520 /* Release */ = {
			isa = XCBuildConfiguration;
			buildSettings = {
				ASSETCATALOG_COMPILER_APPICON_NAME = AppIcon;
				CODE_SIGN_STYLE = Automatic;
				DEVELOPMENT_TEAM = "";
				ENABLE_BITCODE = NO;
				FRAMEWORK_SEARCH_PATHS = (
					"$(inherited)",
					"$(PROJECT_DIR)/AnyPaySampleApp-Swift",
				);
				INFOPLIST_FILE = "AnyPaySampleApp-Swift/Info.plist";
				IPHONEOS_DEPLOYMENT_TARGET = 9.0;
				LD_RUNPATH_SEARCH_PATHS = (
					"$(inherited)",
					"@executable_path/Frameworks",
				);
				PRODUCT_BUNDLE_IDENTIFIER = "com.netsecure.AnyPaySampleApp-Swift";
				PRODUCT_NAME = "$(TARGET_NAME)";
				SWIFT_OBJC_BRIDGING_HEADER = "AnyPaySampleApp-Swift/AnyPay-Swift-Bridging-Header.h";
				SWIFT_VERSION = 4.0;
				TARGETED_DEVICE_FAMILY = "1,2";
			};
			name = Release;
		};
/* End XCBuildConfiguration section */

/* Begin XCConfigurationList section */
		DE70440E20F60BD300920520 /* Build configuration list for PBXProject "AnyPaySampleApp-Swift" */ = {
			isa = XCConfigurationList;
			buildConfigurations = (
				DE70442320F60BD500920520 /* Debug */,
				DE70442420F60BD500920520 /* Release */,
			);
			defaultConfigurationIsVisible = 0;
			defaultConfigurationName = Release;
		};
		DE70442520F60BD500920520 /* Build configuration list for PBXNativeTarget "AnyPaySampleApp-Swift" */ = {
			isa = XCConfigurationList;
			buildConfigurations = (
				DE70442620F60BD500920520 /* Debug */,
				DE70442720F60BD500920520 /* Release */,
			);
			defaultConfigurationIsVisible = 0;
			defaultConfigurationName = Release;
		};
/* End XCConfigurationList section */
	};
	rootObject = DE70440B20F60BD300920520 /* Project object */;
}
